// !$*UTF8*$!
{
	archiveVersion = 1;
	classes = {
	};
	objectVersion = 48;
	objects = {

/* Begin PBXBuildFile section */
		831B648B1FE047E000F93470 /* AppDelegate.swift in Sources */ = {isa = PBXBuildFile; fileRef = 831B648A1FE047E000F93470 /* AppDelegate.swift */; };
		831B648D1FE047E000F93470 /* ViewController.swift in Sources */ = {isa = PBXBuildFile; fileRef = 831B648C1FE047E000F93470 /* ViewController.swift */; };
		831B64901FE047E000F93470 /* Main.storyboard in Resources */ = {isa = PBXBuildFile; fileRef = 831B648E1FE047E000F93470 /* Main.storyboard */; };
		831B64931FE047E000F93470 /* BTLEMultipleDevices.xcdatamodeld in Sources */ = {isa = PBXBuildFile; fileRef = 831B64911FE047E000F93470 /* BTLEMultipleDevices.xcdatamodeld */; };
		831B64951FE047E000F93470 /* Assets.xcassets in Resources */ = {isa = PBXBuildFile; fileRef = 831B64941FE047E000F93470 /* Assets.xcassets */; };
		831B64981FE047E000F93470 /* LaunchScreen.storyboard in Resources */ = {isa = PBXBuildFile; fileRef = 831B64961FE047E000F93470 /* LaunchScreen.storyboard */; };
		831B64A31FE047E000F93470 /* BTLEMultipleDevicesTests.swift in Sources */ = {isa = PBXBuildFile; fileRef = 831B64A21FE047E000F93470 /* BTLEMultipleDevicesTests.swift */; };
		831B64AE1FE047E000F93470 /* BTLEMultipleDevicesUITests.swift in Sources */ = {isa = PBXBuildFile; fileRef = 831B64AD1FE047E000F93470 /* BTLEMultipleDevicesUITests.swift */; };
		831B64BD1FE047F600F93470 /* CoreBluetooth.framework in Frameworks */ = {isa = PBXBuildFile; fileRef = 831B64BC1FE047F600F93470 /* CoreBluetooth.framework */; };
		831B64BF1FE0480200F93470 /* QuartzCore.framework in Frameworks */ = {isa = PBXBuildFile; fileRef = 831B64BE1FE0480200F93470 /* QuartzCore.framework */; };
		831B64C11FE06B8100F93470 /* Definitions.swift in Sources */ = {isa = PBXBuildFile; fileRef = 831B64C01FE06B8100F93470 /* Definitions.swift */; };
/* End PBXBuildFile section */

/* Begin PBXContainerItemProxy section */
		831B649F1FE047E000F93470 /* PBXContainerItemProxy */ = {
			isa = PBXContainerItemProxy;
			containerPortal = 831B647F1FE047E000F93470 /* Project object */;
			proxyType = 1;
			remoteGlobalIDString = 831B64861FE047E000F93470;
			remoteInfo = BTLEMultipleDevices;
		};
		831B64AA1FE047E000F93470 /* PBXContainerItemProxy */ = {
			isa = PBXContainerItemProxy;
			containerPortal = 831B647F1FE047E000F93470 /* Project object */;
			proxyType = 1;
			remoteGlobalIDString = 831B64861FE047E000F93470;
			remoteInfo = BTLEMultipleDevices;
		};
/* End PBXContainerItemProxy section */

/* Begin PBXFileReference section */
		831B64871FE047E000F93470 /* BTLEMultipleDevices.app */ = {isa = PBXFileReference; explicitFileType = wrapper.application; includeInIndex = 0; path = BTLEMultipleDevices.app; sourceTree = BUILT_PRODUCTS_DIR; };
		831B648A1FE047E000F93470 /* AppDelegate.swift */ = {isa = PBXFileReference; lastKnownFileType = sourcecode.swift; path = AppDelegate.swift; sourceTree = "<group>"; };
		831B648C1FE047E000F93470 /* ViewController.swift */ = {isa = PBXFileReference; lastKnownFileType = sourcecode.swift; path = ViewController.swift; sourceTree = "<group>"; };
		831B648F1FE047E000F93470 /* Base */ = {isa = PBXFileReference; lastKnownFileType = file.storyboard; name = Base; path = Base.lproj/Main.storyboard; sourceTree = "<group>"; };
		831B64921FE047E000F93470 /* BTLEMultipleDevices.xcdatamodel */ = {isa = PBXFileReference; lastKnownFileType = wrapper.xcdatamodel; path = BTLEMultipleDevices.xcdatamodel; sourceTree = "<group>"; };
		831B64941FE047E000F93470 /* Assets.xcassets */ = {isa = PBXFileReference; lastKnownFileType = folder.assetcatalog; path = Assets.xcassets; sourceTree = "<group>"; };
		831B64971FE047E000F93470 /* Base */ = {isa = PBXFileReference; lastKnownFileType = file.storyboard; name = Base; path = Base.lproj/LaunchScreen.storyboard; sourceTree = "<group>"; };
		831B64991FE047E000F93470 /* Info.plist */ = {isa = PBXFileReference; lastKnownFileType = text.plist.xml; path = Info.plist; sourceTree = "<group>"; };
		831B649E1FE047E000F93470 /* BTLEMultipleDevicesTests.xctest */ = {isa = PBXFileReference; explicitFileType = wrapper.cfbundle; includeInIndex = 0; path = BTLEMultipleDevicesTests.xctest; sourceTree = BUILT_PRODUCTS_DIR; };
		831B64A21FE047E000F93470 /* BTLEMultipleDevicesTests.swift */ = {isa = PBXFileReference; lastKnownFileType = sourcecode.swift; path = BTLEMultipleDevicesTests.swift; sourceTree = "<group>"; };
		831B64A41FE047E000F93470 /* Info.plist */ = {isa = PBXFileReference; lastKnownFileType = text.plist.xml; path = Info.plist; sourceTree = "<group>"; };
		831B64A91FE047E000F93470 /* BTLEMultipleDevicesUITests.xctest */ = {isa = PBXFileReference; explicitFileType = wrapper.cfbundle; includeInIndex = 0; path = BTLEMultipleDevicesUITests.xctest; sourceTree = BUILT_PRODUCTS_DIR; };
		831B64AD1FE047E000F93470 /* BTLEMultipleDevicesUITests.swift */ = {isa = PBXFileReference; lastKnownFileType = sourcecode.swift; path = BTLEMultipleDevicesUITests.swift; sourceTree = "<group>"; };
		831B64AF1FE047E000F93470 /* Info.plist */ = {isa = PBXFileReference; lastKnownFileType = text.plist.xml; path = Info.plist; sourceTree = "<group>"; };
		831B64BC1FE047F600F93470 /* CoreBluetooth.framework */ = {isa = PBXFileReference; lastKnownFileType = wrapper.framework; name = CoreBluetooth.framework; path = System/Library/Frameworks/CoreBluetooth.framework; sourceTree = SDKROOT; };
		831B64BE1FE0480200F93470 /* QuartzCore.framework */ = {isa = PBXFileReference; lastKnownFileType = wrapper.framework; name = QuartzCore.framework; path = System/Library/Frameworks/QuartzCore.framework; sourceTree = SDKROOT; };
		831B64C01FE06B8100F93470 /* Definitions.swift */ = {isa = PBXFileReference; fileEncoding = 4; lastKnownFileType = sourcecode.swift; path = Definitions.swift; sourceTree = "<group>"; };
/* End PBXFileReference section */

/* Begin PBXFrameworksBuildPhase section */
		831B64841FE047E000F93470 /* Frameworks */ = {
			isa = PBXFrameworksBuildPhase;
			buildActionMask = 2147483647;
			files = (
				831B64BF1FE0480200F93470 /* QuartzCore.framework in Frameworks */,
				831B64BD1FE047F600F93470 /* CoreBluetooth.framework in Frameworks */,
			);
			runOnlyForDeploymentPostprocessing = 0;
		};
		831B649B1FE047E000F93470 /* Frameworks */ = {
			isa = PBXFrameworksBuildPhase;
			buildActionMask = 2147483647;
			files = (
			);
			runOnlyForDeploymentPostprocessing = 0;
		};
		831B64A61FE047E000F93470 /* Frameworks */ = {
			isa = PBXFrameworksBuildPhase;
			buildActionMask = 2147483647;
			files = (
			);
			runOnlyForDeploymentPostprocessing = 0;
		};
/* End PBXFrameworksBuildPhase section */

/* Begin PBXGroup section */
		831B647E1FE047E000F93470 = {
			isa = PBXGroup;
			children = (
				831B64891FE047E000F93470 /* BTLEMultipleDevices */,
				831B64A11FE047E000F93470 /* BTLEMultipleDevicesTests */,
				831B64AC1FE047E000F93470 /* BTLEMultipleDevicesUITests */,
				831B64881FE047E000F93470 /* Products */,
				831B64BB1FE047F600F93470 /* Frameworks */,
			);
			sourceTree = "<group>";
		};
		831B64881FE047E000F93470 /* Products */ = {
			isa = PBXGroup;
			children = (
				831B64871FE047E000F93470 /* BTLEMultipleDevices.app */,
				831B649E1FE047E000F93470 /* BTLEMultipleDevicesTests.xctest */,
				831B64A91FE047E000F93470 /* BTLEMultipleDevicesUITests.xctest */,
			);
			name = Products;
			sourceTree = "<group>";
		};
		831B64891FE047E000F93470 /* BTLEMultipleDevices */ = {
			isa = PBXGroup;
			children = (
				831B648A1FE047E000F93470 /* AppDelegate.swift */,
				831B648C1FE047E000F93470 /* ViewController.swift */,
				831B648E1FE047E000F93470 /* Main.storyboard */,
				831B64941FE047E000F93470 /* Assets.xcassets */,
				831B64961FE047E000F93470 /* LaunchScreen.storyboard */,
				831B64991FE047E000F93470 /* Info.plist */,
				831B64911FE047E000F93470 /* BTLEMultipleDevices.xcdatamodeld */,
				831B64C01FE06B8100F93470 /* Definitions.swift */,
			);
			path = BTLEMultipleDevices;
			sourceTree = "<group>";
		};
		831B64A11FE047E000F93470 /* BTLEMultipleDevicesTests */ = {
			isa = PBXGroup;
			children = (
				831B64A21FE047E000F93470 /* BTLEMultipleDevicesTests.swift */,
				831B64A41FE047E000F93470 /* Info.plist */,
			);
			path = BTLEMultipleDevicesTests;
			sourceTree = "<group>";
		};
		831B64AC1FE047E000F93470 /* BTLEMultipleDevicesUITests */ = {
			isa = PBXGroup;
			children = (
				831B64AD1FE047E000F93470 /* BTLEMultipleDevicesUITests.swift */,
				831B64AF1FE047E000F93470 /* Info.plist */,
			);
			path = BTLEMultipleDevicesUITests;
			sourceTree = "<group>";
		};
		831B64BB1FE047F600F93470 /* Frameworks */ = {
			isa = PBXGroup;
			children = (
				831B64BE1FE0480200F93470 /* QuartzCore.framework */,
				831B64BC1FE047F600F93470 /* CoreBluetooth.framework */,
			);
			name = Frameworks;
			sourceTree = "<group>";
		};
/* End PBXGroup section */

/* Begin PBXNativeTarget section */
		831B64861FE047E000F93470 /* BTLEMultipleDevices */ = {
			isa = PBXNativeTarget;
			buildConfigurationList = 831B64B21FE047E000F93470 /* Build configuration list for PBXNativeTarget "BTLEMultipleDevices" */;
			buildPhases = (
				831B64831FE047E000F93470 /* Sources */,
				831B64841FE047E000F93470 /* Frameworks */,
				831B64851FE047E000F93470 /* Resources */,
			);
			buildRules = (
			);
			dependencies = (
			);
			name = BTLEMultipleDevices;
			productName = BTLEMultipleDevices;
			productReference = 831B64871FE047E000F93470 /* BTLEMultipleDevices.app */;
			productType = "com.apple.product-type.application";
		};
		831B649D1FE047E000F93470 /* BTLEMultipleDevicesTests */ = {
			isa = PBXNativeTarget;
			buildConfigurationList = 831B64B51FE047E000F93470 /* Build configuration list for PBXNativeTarget "BTLEMultipleDevicesTests" */;
			buildPhases = (
				831B649A1FE047E000F93470 /* Sources */,
				831B649B1FE047E000F93470 /* Frameworks */,
				831B649C1FE047E000F93470 /* Resources */,
			);
			buildRules = (
			);
			dependencies = (
				831B64A01FE047E000F93470 /* PBXTargetDependency */,
			);
			name = BTLEMultipleDevicesTests;
			productName = BTLEMultipleDevicesTests;
			productReference = 831B649E1FE047E000F93470 /* BTLEMultipleDevicesTests.xctest */;
			productType = "com.apple.product-type.bundle.unit-test";
		};
		831B64A81FE047E000F93470 /* BTLEMultipleDevicesUITests */ = {
			isa = PBXNativeTarget;
			buildConfigurationList = 831B64B81FE047E000F93470 /* Build configuration list for PBXNativeTarget "BTLEMultipleDevicesUITests" */;
			buildPhases = (
				831B64A51FE047E000F93470 /* Sources */,
				831B64A61FE047E000F93470 /* Frameworks */,
				831B64A71FE047E000F93470 /* Resources */,
			);
			buildRules = (
			);
			dependencies = (
				831B64AB1FE047E000F93470 /* PBXTargetDependency */,
			);
			name = BTLEMultipleDevicesUITests;
			productName = BTLEMultipleDevicesUITests;
			productReference = 831B64A91FE047E000F93470 /* BTLEMultipleDevicesUITests.xctest */;
			productType = "com.apple.product-type.bundle.ui-testing";
		};
/* End PBXNativeTarget section */

/* Begin PBXProject section */
		831B647F1FE047E000F93470 /* Project object */ = {
			isa = PBXProject;
			attributes = {
				LastSwiftUpdateCheck = 0920;
				LastUpgradeCheck = 0920;
				ORGANIZATIONNAME = "chris warner";
				TargetAttributes = {
					831B64861FE047E000F93470 = {
						CreatedOnToolsVersion = 9.2;
						ProvisioningStyle = Automatic;
					};
					831B649D1FE047E000F93470 = {
						CreatedOnToolsVersion = 9.2;
						ProvisioningStyle = Automatic;
						TestTargetID = 831B64861FE047E000F93470;
					};
					831B64A81FE047E000F93470 = {
						CreatedOnToolsVersion = 9.2;
						ProvisioningStyle = Automatic;
						TestTargetID = 831B64861FE047E000F93470;
					};
				};
			};
			buildConfigurationList = 831B64821FE047E000F93470 /* Build configuration list for PBXProject "BTLEMultipleDevices" */;
			compatibilityVersion = "Xcode 8.0";
			developmentRegion = en;
			hasScannedForEncodings = 0;
			knownRegions = (
				en,
				Base,
			);
			mainGroup = 831B647E1FE047E000F93470;
			productRefGroup = 831B64881FE047E000F93470 /* Products */;
			projectDirPath = "";
			projectRoot = "";
			targets = (
				831B64861FE047E000F93470 /* BTLEMultipleDevices */,
				831B649D1FE047E000F93470 /* BTLEMultipleDevicesTests */,
				831B64A81FE047E000F93470 /* BTLEMultipleDevicesUITests */,
			);
		};
/* End PBXProject section */

/* Begin PBXResourcesBuildPhase section */
		831B64851FE047E000F93470 /* Resources */ = {
			isa = PBXResourcesBuildPhase;
			buildActionMask = 2147483647;
			files = (
				831B64981FE047E000F93470 /* LaunchScreen.storyboard in Resources */,
				831B64951FE047E000F93470 /* Assets.xcassets in Resources */,
				831B64901FE047E000F93470 /* Main.storyboard in Resources */,
			);
			runOnlyForDeploymentPostprocessing = 0;
		};
		831B649C1FE047E000F93470 /* Resources */ = {
			isa = PBXResourcesBuildPhase;
			buildActionMask = 2147483647;
			files = (
			);
			runOnlyForDeploymentPostprocessing = 0;
		};
		831B64A71FE047E000F93470 /* Resources */ = {
			isa = PBXResourcesBuildPhase;
			buildActionMask = 2147483647;
			files = (
			);
			runOnlyForDeploymentPostprocessing = 0;
		};
/* End PBXResourcesBuildPhase section */

/* Begin PBXSourcesBuildPhase section */
		831B64831FE047E000F93470 /* Sources */ = {
			isa = PBXSourcesBuildPhase;
			buildActionMask = 2147483647;
			files = (
				831B64C11FE06B8100F93470 /* Definitions.swift in Sources */,
				831B648D1FE047E000F93470 /* ViewController.swift in Sources */,
				831B64931FE047E000F93470 /* BTLEMultipleDevices.xcdatamodeld in Sources */,
				831B648B1FE047E000F93470 /* AppDelegate.swift in Sources */,
			);
			runOnlyForDeploymentPostprocessing = 0;
		};
		831B649A1FE047E000F93470 /* Sources */ = {
			isa = PBXSourcesBuildPhase;
			buildActionMask = 2147483647;
			files = (
				831B64A31FE047E000F93470 /* BTLEMultipleDevicesTests.swift in Sources */,
			);
			runOnlyForDeploymentPostprocessing = 0;
		};
		831B64A51FE047E000F93470 /* Sources */ = {
			isa = PBXSourcesBuildPhase;
			buildActionMask = 2147483647;
			files = (
				831B64AE1FE047E000F93470 /* BTLEMultipleDevicesUITests.swift in Sources */,
			);
			runOnlyForDeploymentPostprocessing = 0;
		};
/* End PBXSourcesBuildPhase section */

/* Begin PBXTargetDependency section */
		831B64A01FE047E000F93470 /* PBXTargetDependency */ = {
			isa = PBXTargetDependency;
			target = 831B64861FE047E000F93470 /* BTLEMultipleDevices */;
			targetProxy = 831B649F1FE047E000F93470 /* PBXContainerItemProxy */;
		};
		831B64AB1FE047E000F93470 /* PBXTargetDependency */ = {
			isa = PBXTargetDependency;
			target = 831B64861FE047E000F93470 /* BTLEMultipleDevices */;
			targetProxy = 831B64AA1FE047E000F93470 /* PBXContainerItemProxy */;
		};
/* End PBXTargetDependency section */

/* Begin PBXVariantGroup section */
		831B648E1FE047E000F93470 /* Main.storyboard */ = {
			isa = PBXVariantGroup;
			children = (
				831B648F1FE047E000F93470 /* Base */,
			);
			name = Main.storyboard;
			sourceTree = "<group>";
		};
		831B64961FE047E000F93470 /* LaunchScreen.storyboard */ = {
			isa = PBXVariantGroup;
			children = (
				831B64971FE047E000F93470 /* Base */,
			);
			name = LaunchScreen.storyboard;
			sourceTree = "<group>";
		};
/* End PBXVariantGroup section */

/* Begin XCBuildConfiguration section */
		831B64B01FE047E000F93470 /* Debug */ = {
			isa = XCBuildConfiguration;
			buildSettings = {
				ALWAYS_SEARCH_USER_PATHS = NO;
				CLANG_ANALYZER_NONNULL = YES;
				CLANG_ANALYZER_NUMBER_OBJECT_CONVERSION = YES_AGGRESSIVE;
				CLANG_CXX_LANGUAGE_STANDARD = "gnu++14";
				CLANG_CXX_LIBRARY = "libc++";
				CLANG_ENABLE_MODULES = YES;
				CLANG_ENABLE_OBJC_ARC = YES;
				CLANG_WARN_BLOCK_CAPTURE_AUTORELEASING = YES;
				CLANG_WARN_BOOL_CONVERSION = YES;
				CLANG_WARN_COMMA = YES;
				CLANG_WARN_CONSTANT_CONVERSION = YES;
				CLANG_WARN_DIRECT_OBJC_ISA_USAGE = YES_ERROR;
				CLANG_WARN_DOCUMENTATION_COMMENTS = YES;
				CLANG_WARN_EMPTY_BODY = YES;
				CLANG_WARN_ENUM_CONVERSION = YES;
				CLANG_WARN_INFINITE_RECURSION = YES;
				CLANG_WARN_INT_CONVERSION = YES;
				CLANG_WARN_NON_LITERAL_NULL_CONVERSION = YES;
				CLANG_WARN_OBJC_LITERAL_CONVERSION = YES;
				CLANG_WARN_OBJC_ROOT_CLASS = YES_ERROR;
				CLANG_WARN_RANGE_LOOP_ANALYSIS = YES;
				CLANG_WARN_STRICT_PROTOTYPES = YES;
				CLANG_WARN_SUSPICIOUS_MOVE = YES;
				CLANG_WARN_UNGUARDED_AVAILABILITY = YES_AGGRESSIVE;
				CLANG_WARN_UNREACHABLE_CODE = YES;
				CLANG_WARN__DUPLICATE_METHOD_MATCH = YES;
				CODE_SIGN_IDENTITY = "iPhone Developer";
				COPY_PHASE_STRIP = NO;
				DEBUG_INFORMATION_FORMAT = dwarf;
				ENABLE_STRICT_OBJC_MSGSEND = YES;
				ENABLE_TESTABILITY = YES;
				GCC_C_LANGUAGE_STANDARD = gnu11;
				GCC_DYNAMIC_NO_PIC = NO;
				GCC_NO_COMMON_BLOCKS = YES;
				GCC_OPTIMIZATION_LEVEL = 0;
				GCC_PREPROCESSOR_DEFINITIONS = (
					"DEBUG=1",
					"$(inherited)",
				);
				GCC_WARN_64_TO_32_BIT_CONVERSION = YES;
				GCC_WARN_ABOUT_RETURN_TYPE = YES_ERROR;
				GCC_WARN_UNDECLARED_SELECTOR = YES;
				GCC_WARN_UNINITIALIZED_AUTOS = YES_AGGRESSIVE;
				GCC_WARN_UNUSED_FUNCTION = YES;
				GCC_WARN_UNUSED_VARIABLE = YES;
				IPHONEOS_DEPLOYMENT_TARGET = 11.2;
				MTL_ENABLE_DEBUG_INFO = YES;
				ONLY_ACTIVE_ARCH = YES;
				SDKROOT = iphoneos;
				SWIFT_ACTIVE_COMPILATION_CONDITIONS = DEBUG;
				SWIFT_OPTIMIZATION_LEVEL = "-Onone";
			};
			name = Debug;
		};
		831B64B11FE047E000F93470 /* Release */ = {
			isa = XCBuildConfiguration;
			buildSettings = {
				ALWAYS_SEARCH_USER_PATHS = NO;
				CLANG_ANALYZER_NONNULL = YES;
				CLANG_ANALYZER_NUMBER_OBJECT_CONVERSION = YES_AGGRESSIVE;
				CLANG_CXX_LANGUAGE_STANDARD = "gnu++14";
				CLANG_CXX_LIBRARY = "libc++";
				CLANG_ENABLE_MODULES = YES;
				CLANG_ENABLE_OBJC_ARC = YES;
				CLANG_WARN_BLOCK_CAPTURE_AUTORELEASING = YES;
				CLANG_WARN_BOOL_CONVERSION = YES;
				CLANG_WARN_COMMA = YES;
				CLANG_WARN_CONSTANT_CONVERSION = YES;
				CLANG_WARN_DIRECT_OBJC_ISA_USAGE = YES_ERROR;
				CLANG_WARN_DOCUMENTATION_COMMENTS = YES;
				CLANG_WARN_EMPTY_BODY = YES;
				CLANG_WARN_ENUM_CONVERSION = YES;
				CLANG_WARN_INFINITE_RECURSION = YES;
				CLANG_WARN_INT_CONVERSION = YES;
				CLANG_WARN_NON_LITERAL_NULL_CONVERSION = YES;
				CLANG_WARN_OBJC_LITERAL_CONVERSION = YES;
				CLANG_WARN_OBJC_ROOT_CLASS = YES_ERROR;
				CLANG_WARN_RANGE_LOOP_ANALYSIS = YES;
				CLANG_WARN_STRICT_PROTOTYPES = YES;
				CLANG_WARN_SUSPICIOUS_MOVE = YES;
				CLANG_WARN_UNGUARDED_AVAILABILITY = YES_AGGRESSIVE;
				CLANG_WARN_UNREACHABLE_CODE = YES;
				CLANG_WARN__DUPLICATE_METHOD_MATCH = YES;
				CODE_SIGN_IDENTITY = "iPhone Developer";
				COPY_PHASE_STRIP = NO;
				DEBUG_INFORMATION_FORMAT = "dwarf-with-dsym";
				ENABLE_NS_ASSERTIONS = NO;
				ENABLE_STRICT_OBJC_MSGSEND = YES;
				GCC_C_LANGUAGE_STANDARD = gnu11;
				GCC_NO_COMMON_BLOCKS = YES;
				GCC_WARN_64_TO_32_BIT_CONVERSION = YES;
				GCC_WARN_ABOUT_RETURN_TYPE = YES_ERROR;
				GCC_WARN_UNDECLARED_SELECTOR = YES;
				GCC_WARN_UNINITIALIZED_AUTOS = YES_AGGRESSIVE;
				GCC_WARN_UNUSED_FUNCTION = YES;
				GCC_WARN_UNUSED_VARIABLE = YES;
				IPHONEOS_DEPLOYMENT_TARGET = 11.2;
				MTL_ENABLE_DEBUG_INFO = NO;
				SDKROOT = iphoneos;
				SWIFT_OPTIMIZATION_LEVEL = "-Owholemodule";
				VALIDATE_PRODUCT = YES;
			};
			name = Release;
		};
		831B64B31FE047E000F93470 /* Debug */ = {
			isa = XCBuildConfiguration;
			buildSettings = {
				ASSETCATALOG_COMPILER_APPICON_NAME = AppIcon;
				CODE_SIGN_STYLE = Automatic;
				DEVELOPMENT_TEAM = 284AAE3JYX;
				INFOPLIST_FILE = BTLEMultipleDevices/Info.plist;
				LD_RUNPATH_SEARCH_PATHS = "$(inherited) @executable_path/Frameworks";
				PRODUCT_BUNDLE_IDENTIFIER = chris.warner.BTLEMultipleDevices;
				PRODUCT_NAME = "$(TARGET_NAME)";
				SWIFT_VERSION = 4.0;
				TARGETED_DEVICE_FAMILY = "1,2";
			};
			name = Debug;
		};
		831B64B41FE047E000F93470 /* Release */ = {
			isa = XCBuildConfiguration;
			buildSettings = {
				ASSETCATALOG_COMPILER_APPICON_NAME = AppIcon;
				CODE_SIGN_STYLE = Automatic;
				DEVELOPMENT_TEAM = 284AAE3JYX;
				INFOPLIST_FILE = BTLEMultipleDevices/Info.plist;
				LD_RUNPATH_SEARCH_PATHS = "$(inherited) @executable_path/Frameworks";
				PRODUCT_BUNDLE_IDENTIFIER = chris.warner.BTLEMultipleDevices;
				PRODUCT_NAME = "$(TARGET_NAME)";
				SWIFT_VERSION = 4.0;
				TARGETED_DEVICE_FAMILY = "1,2";
			};
			name = Release;
		};
		831B64B61FE047E000F93470 /* Debug */ = {
			isa = XCBuildConfiguration;
			buildSettings = {
				ALWAYS_EMBED_SWIFT_STANDARD_LIBRARIES = YES;
				BUNDLE_LOADER = "$(TEST_HOST)";
				CODE_SIGN_STYLE = Automatic;
				DEVELOPMENT_TEAM = 284AAE3JYX;
				INFOPLIST_FILE = BTLEMultipleDevicesTests/Info.plist;
				LD_RUNPATH_SEARCH_PATHS = "$(inherited) @executable_path/Frameworks @loader_path/Frameworks";
				PRODUCT_BUNDLE_IDENTIFIER = chris.warner.BTLEMultipleDevicesTests;
				PRODUCT_NAME = "$(TARGET_NAME)";
				SWIFT_VERSION = 4.0;
				TARGETED_DEVICE_FAMILY = "1,2";
				TEST_HOST = "$(BUILT_PRODUCTS_DIR)/BTLEMultipleDevices.app/BTLEMultipleDevices";
			};
			name = Debug;
		};
		831B64B71FE047E000F93470 /* Release */ = {
			isa = XCBuildConfiguration;
			buildSettings = {
				ALWAYS_EMBED_SWIFT_STANDARD_LIBRARIES = YES;
				BUNDLE_LOADER = "$(TEST_HOST)";
				CODE_SIGN_STYLE = Automatic;
				DEVELOPMENT_TEAM = 284AAE3JYX;
				INFOPLIST_FILE = BTLEMultipleDevicesTests/Info.plist;
				LD_RUNPATH_SEARCH_PATHS = "$(inherited) @executable_path/Frameworks @loader_path/Frameworks";
				PRODUCT_BUNDLE_IDENTIFIER = chris.warner.BTLEMultipleDevicesTests;
				PRODUCT_NAME = "$(TARGET_NAME)";
				SWIFT_VERSION = 4.0;
				TARGETED_DEVICE_FAMILY = "1,2";
				TEST_HOST = "$(BUILT_PRODUCTS_DIR)/BTLEMultipleDevices.app/BTLEMultipleDevices";
			};
			name = Release;
		};
		831B64B91FE047E000F93470 /* Debug */ = {
			isa = XCBuildConfiguration;
			buildSettings = {
				ALWAYS_EMBED_SWIFT_STANDARD_LIBRARIES = YES;
				CODE_SIGN_STYLE = Automatic;
				DEVELOPMENT_TEAM = 284AAE3JYX;
				INFOPLIST_FILE = BTLEMultipleDevicesUITests/Info.plist;
				LD_RUNPATH_SEARCH_PATHS = "$(inherited) @executable_path/Frameworks @loader_path/Frameworks";
				PRODUCT_BUNDLE_IDENTIFIER = chris.warner.BTLEMultipleDevicesUITests;
				PRODUCT_NAME = "$(TARGET_NAME)";
				SWIFT_VERSION = 4.0;
				TARGETED_DEVICE_FAMILY = "1,2";
				TEST_TARGET_NAME = BTLEMultipleDevices;
			};
			name = Debug;
		};
		831B64BA1FE047E000F93470 /* Release */ = {
			isa = XCBuildConfiguration;
			buildSettings = {
				ALWAYS_EMBED_SWIFT_STANDARD_LIBRARIES = YES;
				CODE_SIGN_STYLE = Automatic;
				DEVELOPMENT_TEAM = 284AAE3JYX;
				INFOPLIST_FILE = BTLEMultipleDevicesUITests/Info.plist;
				LD_RUNPATH_SEARCH_PATHS = "$(inherited) @executable_path/Frameworks @loader_path/Frameworks";
				PRODUCT_BUNDLE_IDENTIFIER = chris.warner.BTLEMultipleDevicesUITests;
				PRODUCT_NAME = "$(TARGET_NAME)";
				SWIFT_VERSION = 4.0;
				TARGETED_DEVICE_FAMILY = "1,2";
				TEST_TARGET_NAME = BTLEMultipleDevices;
			};
			name = Release;
		};
/* End XCBuildConfiguration section */

/* Begin XCConfigurationList section */
		831B64821FE047E000F93470 /* Build configuration list for PBXProject "BTLEMultipleDevices" */ = {
			isa = XCConfigurationList;
			buildConfigurations = (
				831B64B01FE047E000F93470 /* Debug */,
				831B64B11FE047E000F93470 /* Release */,
			);
			defaultConfigurationIsVisible = 0;
			defaultConfigurationName = Release;
		};
		831B64B21FE047E000F93470 /* Build configuration list for PBXNativeTarget "BTLEMultipleDevices" */ = {
			isa = XCConfigurationList;
			buildConfigurations = (
				831B64B31FE047E000F93470 /* Debug */,
				831B64B41FE047E000F93470 /* Release */,
			);
			defaultConfigurationIsVisible = 0;
			defaultConfigurationName = Release;
		};
		831B64B51FE047E000F93470 /* Build configuration list for PBXNativeTarget "BTLEMultipleDevicesTests" */ = {
			isa = XCConfigurationList;
			buildConfigurations = (
				831B64B61FE047E000F93470 /* Debug */,
				831B64B71FE047E000F93470 /* Release */,
			);
			defaultConfigurationIsVisible = 0;
			defaultConfigurationName = Release;
		};
		831B64B81FE047E000F93470 /* Build configuration list for PBXNativeTarget "BTLEMultipleDevicesUITests" */ = {
			isa = XCConfigurationList;
			buildConfigurations = (
				831B64B91FE047E000F93470 /* Debug */,
				831B64BA1FE047E000F93470 /* Release */,
			);
			defaultConfigurationIsVisible = 0;
			defaultConfigurationName = Release;
		};
/* End XCConfigurationList section */

/* Begin XCVersionGroup section */
		831B64911FE047E000F93470 /* BTLEMultipleDevices.xcdatamodeld */ = {
			isa = XCVersionGroup;
			children = (
				831B64921FE047E000F93470 /* BTLEMultipleDevices.xcdatamodel */,
			);
			currentVersion = 831B64921FE047E000F93470 /* BTLEMultipleDevices.xcdatamodel */;
			path = BTLEMultipleDevices.xcdatamodeld;
			sourceTree = "<group>";
			versionGroupType = wrapper.xcdatamodel;
		};
/* End XCVersionGroup section */
	};
	rootObject = 831B647F1FE047E000F93470 /* Project object */;
}
